// !$*UTF8*$!
{
	archiveVersion = 1;
	classes = {
	};
	objectVersion = 55;
	objects = {

/* Begin PBXBuildFile section */
		00834583285F67F4007E1554 /* AppDelegate.swift in Sources */ = {isa = PBXBuildFile; fileRef = 00834582285F67F4007E1554 /* AppDelegate.swift */; };
		0083458C285F67F8007E1554 /* Assets.xcassets in Resources */ = {isa = PBXBuildFile; fileRef = 0083458B285F67F8007E1554 /* Assets.xcassets */; };
		0083458F285F67F8007E1554 /* LaunchScreen.storyboard in Resources */ = {isa = PBXBuildFile; fileRef = 0083458D285F67F8007E1554 /* LaunchScreen.storyboard */; };
		008345A8285F6C77007E1554 /* HomeScreenVC.swift in Sources */ = {isa = PBXBuildFile; fileRef = 008345A7285F6C77007E1554 /* HomeScreenVC.swift */; };
/* End PBXBuildFile section */

/* Begin PBXContainerItemProxy section */
		008345A2285F693D007E1554 /* PBXContainerItemProxy */ = {
			isa = PBXContainerItemProxy;
			containerPortal = 00834577285F67F4007E1554 /* Project object */;
			proxyType = 1;
			remoteGlobalIDString = 0083457E285F67F4007E1554;
			remoteInfo = DotaHeroVIP;
		};
/* End PBXContainerItemProxy section */

/* Begin PBXFileReference section */
		0083457F285F67F4007E1554 /* DotaHeroVIP.app */ = {isa = PBXFileReference; explicitFileType = wrapper.application; includeInIndex = 0; path = DotaHeroVIP.app; sourceTree = BUILT_PRODUCTS_DIR; };
		00834582285F67F4007E1554 /* AppDelegate.swift */ = {isa = PBXFileReference; lastKnownFileType = sourcecode.swift; path = AppDelegate.swift; sourceTree = "<group>"; };
		0083458B285F67F8007E1554 /* Assets.xcassets */ = {isa = PBXFileReference; lastKnownFileType = folder.assetcatalog; path = Assets.xcassets; sourceTree = "<group>"; };
		0083458E285F67F8007E1554 /* Base */ = {isa = PBXFileReference; lastKnownFileType = file.storyboard; name = Base; path = Base.lproj/LaunchScreen.storyboard; sourceTree = "<group>"; };
		00834590285F67F8007E1554 /* Info.plist */ = {isa = PBXFileReference; lastKnownFileType = text.plist.xml; path = Info.plist; sourceTree = "<group>"; };
		0083459E285F693D007E1554 /* DotaHeroVIPTests.xctest */ = {isa = PBXFileReference; explicitFileType = wrapper.cfbundle; includeInIndex = 0; path = DotaHeroVIPTests.xctest; sourceTree = BUILT_PRODUCTS_DIR; };
		008345A7285F6C77007E1554 /* HomeScreenVC.swift */ = {isa = PBXFileReference; lastKnownFileType = sourcecode.swift; path = HomeScreenVC.swift; sourceTree = "<group>"; };
/* End PBXFileReference section */

/* Begin PBXFrameworksBuildPhase section */
		0083457C285F67F4007E1554 /* Frameworks */ = {
			isa = PBXFrameworksBuildPhase;
			buildActionMask = 2147483647;
			files = (
			);
			runOnlyForDeploymentPostprocessing = 0;
		};
		0083459B285F693D007E1554 /* Frameworks */ = {
			isa = PBXFrameworksBuildPhase;
			buildActionMask = 2147483647;
			files = (
			);
			runOnlyForDeploymentPostprocessing = 0;
		};
/* End PBXFrameworksBuildPhase section */

/* Begin PBXGroup section */
		00834576285F67F4007E1554 = {
			isa = PBXGroup;
			children = (
				00834581285F67F4007E1554 /* DotaHeroVIP */,
				0083459F285F693D007E1554 /* DotaHeroVIPTests */,
				00834580285F67F4007E1554 /* Products */,
			);
			sourceTree = "<group>";
		};
		00834580285F67F4007E1554 /* Products */ = {
			isa = PBXGroup;
			children = (
				0083457F285F67F4007E1554 /* DotaHeroVIP.app */,
				0083459E285F693D007E1554 /* DotaHeroVIPTests.xctest */,
			);
			name = Products;
			sourceTree = "<group>";
		};
		00834581285F67F4007E1554 /* DotaHeroVIP */ = {
			isa = PBXGroup;
			children = (
				00834596285F682C007E1554 /* Application */,
				00834597285F6835007E1554 /* Feature */,
				00834599285F690B007E1554 /* Resource */,
			);
			path = DotaHeroVIP;
			sourceTree = "<group>";
		};
		00834596285F682C007E1554 /* Application */ = {
			isa = PBXGroup;
			children = (
				00834582285F67F4007E1554 /* AppDelegate.swift */,
			);
			path = Application;
			sourceTree = "<group>";
		};
		00834597285F6835007E1554 /* Feature */ = {
			isa = PBXGroup;
			children = (
				00834598285F683F007E1554 /* HomeScreen */,
			);
			path = Feature;
			sourceTree = "<group>";
		};
		00834598285F683F007E1554 /* HomeScreen */ = {
			isa = PBXGroup;
			children = (
				008345A7285F6C77007E1554 /* HomeScreenVC.swift */,
			);
			path = HomeScreen;
			sourceTree = "<group>";
		};
		00834599285F690B007E1554 /* Resource */ = {
			isa = PBXGroup;
			children = (
				00834590285F67F8007E1554 /* Info.plist */,
				0083458B285F67F8007E1554 /* Assets.xcassets */,
				0083458D285F67F8007E1554 /* LaunchScreen.storyboard */,
			);
			path = Resource;
			sourceTree = "<group>";
		};
		0083459F285F693D007E1554 /* DotaHeroVIPTests */ = {
			isa = PBXGroup;
			children = (
			);
			path = DotaHeroVIPTests;
			sourceTree = "<group>";
		};
/* End PBXGroup section */

/* Begin PBXNativeTarget section */
		0083457E285F67F4007E1554 /* DotaHeroVIP */ = {
			isa = PBXNativeTarget;
			buildConfigurationList = 00834593285F67F8007E1554 /* Build configuration list for PBXNativeTarget "DotaHeroVIP" */;
			buildPhases = (
				0083457B285F67F4007E1554 /* Sources */,
				0083457C285F67F4007E1554 /* Frameworks */,
				0083457D285F67F4007E1554 /* Resources */,
			);
			buildRules = (
			);
			dependencies = (
			);
			name = DotaHeroVIP;
			productName = DotaHeroVIP;
			productReference = 0083457F285F67F4007E1554 /* DotaHeroVIP.app */;
			productType = "com.apple.product-type.application";
		};
		0083459D285F693D007E1554 /* DotaHeroVIPTests */ = {
			isa = PBXNativeTarget;
			buildConfigurationList = 008345A4285F693D007E1554 /* Build configuration list for PBXNativeTarget "DotaHeroVIPTests" */;
			buildPhases = (
				0083459A285F693D007E1554 /* Sources */,
				0083459B285F693D007E1554 /* Frameworks */,
				0083459C285F693D007E1554 /* Resources */,
			);
			buildRules = (
			);
			dependencies = (
				008345A3285F693D007E1554 /* PBXTargetDependency */,
			);
			name = DotaHeroVIPTests;
			productName = DotaHeroVIPTests;
			productReference = 0083459E285F693D007E1554 /* DotaHeroVIPTests.xctest */;
			productType = "com.apple.product-type.bundle.unit-test";
		};
/* End PBXNativeTarget section */

/* Begin PBXProject section */
		00834577285F67F4007E1554 /* Project object */ = {
			isa = PBXProject;
			attributes = {
				BuildIndependentTargetsInParallel = 1;
				LastSwiftUpdateCheck = 1340;
				LastUpgradeCheck = 1340;
				TargetAttributes = {
					0083457E285F67F4007E1554 = {
						CreatedOnToolsVersion = 13.4.1;
					};
					0083459D285F693D007E1554 = {
						CreatedOnToolsVersion = 13.4.1;
						TestTargetID = 0083457E285F67F4007E1554;
					};
				};
			};
			buildConfigurationList = 0083457A285F67F4007E1554 /* Build configuration list for PBXProject "DotaHeroVIP" */;
			compatibilityVersion = "Xcode 13.0";
			developmentRegion = en;
			hasScannedForEncodings = 0;
			knownRegions = (
				en,
				Base,
			);
			mainGroup = 00834576285F67F4007E1554;
			productRefGroup = 00834580285F67F4007E1554 /* Products */;
			projectDirPath = "";
			projectRoot = "";
			targets = (
				0083457E285F67F4007E1554 /* DotaHeroVIP */,
				0083459D285F693D007E1554 /* DotaHeroVIPTests */,
			);
		};
/* End PBXProject section */

/* Begin PBXResourcesBuildPhase section */
		0083457D285F67F4007E1554 /* Resources */ = {
			isa = PBXResourcesBuildPhase;
			buildActionMask = 2147483647;
			files = (
				0083458F285F67F8007E1554 /* LaunchScreen.storyboard in Resources */,
				0083458C285F67F8007E1554 /* Assets.xcassets in Resources */,
			);
			runOnlyForDeploymentPostprocessing = 0;
		};
		0083459C285F693D007E1554 /* Resources */ = {
			isa = PBXResourcesBuildPhase;
			buildActionMask = 2147483647;
			files = (
			);
			runOnlyForDeploymentPostprocessing = 0;
		};
/* End PBXResourcesBuildPhase section */

/* Begin PBXSourcesBuildPhase section */
		0083457B285F67F4007E1554 /* Sources */ = {
			isa = PBXSourcesBuildPhase;
			buildActionMask = 2147483647;
			files = (
				00834583285F67F4007E1554 /* AppDelegate.swift in Sources */,
				008345A8285F6C77007E1554 /* HomeScreenVC.swift in Sources */,
			);
			runOnlyForDeploymentPostprocessing = 0;
		};
		0083459A285F693D007E1554 /* Sources */ = {
			isa = PBXSourcesBuildPhase;
			buildActionMask = 2147483647;
			files = (
			);
			runOnlyForDeploymentPostprocessing = 0;
		};
/* End PBXSourcesBuildPhase section */

/* Begin PBXTargetDependency section */
		008345A3285F693D007E1554 /* PBXTargetDependency */ = {
			isa = PBXTargetDependency;
			target = 0083457E285F67F4007E1554 /* DotaHeroVIP */;
			targetProxy = 008345A2285F693D007E1554 /* PBXContainerItemProxy */;
		};
/* End PBXTargetDependency section */

/* Begin PBXVariantGroup section */
		0083458D285F67F8007E1554 /* LaunchScreen.storyboard */ = {
			isa = PBXVariantGroup;
			children = (
				0083458E285F67F8007E1554 /* Base */,
			);
			name = LaunchScreen.storyboard;
			sourceTree = "<group>";
		};
/* End PBXVariantGroup section */

/* Begin XCBuildConfiguration section */
		00834591285F67F8007E1554 /* Debug */ = {
			isa = XCBuildConfiguration;
			buildSettings = {
				ALWAYS_SEARCH_USER_PATHS = NO;
				CLANG_ANALYZER_NONNULL = YES;
				CLANG_ANALYZER_NUMBER_OBJECT_CONVERSION = YES_AGGRESSIVE;
				CLANG_CXX_LANGUAGE_STANDARD = "gnu++17";
				CLANG_ENABLE_MODULES = YES;
				CLANG_ENABLE_OBJC_ARC = YES;
				CLANG_ENABLE_OBJC_WEAK = YES;
				CLANG_WARN_BLOCK_CAPTURE_AUTORELEASING = YES;
				CLANG_WARN_BOOL_CONVERSION = YES;
				CLANG_WARN_COMMA = YES;
				CLANG_WARN_CONSTANT_CONVERSION = YES;
				CLANG_WARN_DEPRECATED_OBJC_IMPLEMENTATIONS = YES;
				CLANG_WARN_DIRECT_OBJC_ISA_USAGE = YES_ERROR;
				CLANG_WARN_DOCUMENTATION_COMMENTS = YES;
				CLANG_WARN_EMPTY_BODY = YES;
				CLANG_WARN_ENUM_CONVERSION = YES;
				CLANG_WARN_INFINITE_RECURSION = YES;
				CLANG_WARN_INT_CONVERSION = YES;
				CLANG_WARN_NON_LITERAL_NULL_CONVERSION = YES;
				CLANG_WARN_OBJC_IMPLICIT_RETAIN_SELF = YES;
				CLANG_WARN_OBJC_LITERAL_CONVERSION = YES;
				CLANG_WARN_OBJC_ROOT_CLASS = YES_ERROR;
				CLANG_WARN_QUOTED_INCLUDE_IN_FRAMEWORK_HEADER = YES;
				CLANG_WARN_RANGE_LOOP_ANALYSIS = YES;
				CLANG_WARN_STRICT_PROTOTYPES = YES;
				CLANG_WARN_SUSPICIOUS_MOVE = YES;
				CLANG_WARN_UNGUARDED_AVAILABILITY = YES_AGGRESSIVE;
				CLANG_WARN_UNREACHABLE_CODE = YES;
				CLANG_WARN__DUPLICATE_METHOD_MATCH = YES;
				COPY_PHASE_STRIP = NO;
				DEBUG_INFORMATION_FORMAT = dwarf;
				ENABLE_STRICT_OBJC_MSGSEND = YES;
				ENABLE_TESTABILITY = YES;
				GCC_C_LANGUAGE_STANDARD = gnu11;
				GCC_DYNAMIC_NO_PIC = NO;
				GCC_NO_COMMON_BLOCKS = YES;
				GCC_OPTIMIZATION_LEVEL = 0;
				GCC_PREPROCESSOR_DEFINITIONS = (
					"DEBUG=1",
					"$(inherited)",
				);
				GCC_WARN_64_TO_32_BIT_CONVERSION = YES;
				GCC_WARN_ABOUT_RETURN_TYPE = YES_ERROR;
				GCC_WARN_UNDECLARED_SELECTOR = YES;
				GCC_WARN_UNINITIALIZED_AUTOS = YES_AGGRESSIVE;
				GCC_WARN_UNUSED_FUNCTION = YES;
				GCC_WARN_UNUSED_VARIABLE = YES;
				IPHONEOS_DEPLOYMENT_TARGET = 15.5;
				MTL_ENABLE_DEBUG_INFO = INCLUDE_SOURCE;
				MTL_FAST_MATH = YES;
				ONLY_ACTIVE_ARCH = YES;
				SDKROOT = iphoneos;
				SWIFT_ACTIVE_COMPILATION_CONDITIONS = DEBUG;
				SWIFT_OPTIMIZATION_LEVEL = "-Onone";
			};
			name = Debug;
		};
		00834592285F67F8007E1554 /* Release */ = {
			isa = XCBuildConfiguration;
			buildSettings = {
				ALWAYS_SEARCH_USER_PATHS = NO;
				CLANG_ANALYZER_NONNULL = YES;
				CLANG_ANALYZER_NUMBER_OBJECT_CONVERSION = YES_AGGRESSIVE;
				CLANG_CXX_LANGUAGE_STANDARD = "gnu++17";
				CLANG_ENABLE_MODULES = YES;
				CLANG_ENABLE_OBJC_ARC = YES;
				CLANG_ENABLE_OBJC_WEAK = YES;
				CLANG_WARN_BLOCK_CAPTURE_AUTORELEASING = YES;
				CLANG_WARN_BOOL_CONVERSION = YES;
				CLANG_WARN_COMMA = YES;
				CLANG_WARN_CONSTANT_CONVERSION = YES;
				CLANG_WARN_DEPRECATED_OBJC_IMPLEMENTATIONS = YES;
				CLANG_WARN_DIRECT_OBJC_ISA_USAGE = YES_ERROR;
				CLANG_WARN_DOCUMENTATION_COMMENTS = YES;
				CLANG_WARN_EMPTY_BODY = YES;
				CLANG_WARN_ENUM_CONVERSION = YES;
				CLANG_WARN_INFINITE_RECURSION = YES;
				CLANG_WARN_INT_CONVERSION = YES;
				CLANG_WARN_NON_LITERAL_NULL_CONVERSION = YES;
				CLANG_WARN_OBJC_IMPLICIT_RETAIN_SELF = YES;
				CLANG_WARN_OBJC_LITERAL_CONVERSION = YES;
				CLANG_WARN_OBJC_ROOT_CLASS = YES_ERROR;
				CLANG_WARN_QUOTED_INCLUDE_IN_FRAMEWORK_HEADER = YES;
				CLANG_WARN_RANGE_LOOP_ANALYSIS = YES;
				CLANG_WARN_STRICT_PROTOTYPES = YES;
				CLANG_WARN_SUSPICIOUS_MOVE = YES;
				CLANG_WARN_UNGUARDED_AVAILABILITY = YES_AGGRESSIVE;
				CLANG_WARN_UNREACHABLE_CODE = YES;
				CLANG_WARN__DUPLICATE_METHOD_MATCH = YES;
				COPY_PHASE_STRIP = NO;
				DEBUG_INFORMATION_FORMAT = "dwarf-with-dsym";
				ENABLE_NS_ASSERTIONS = NO;
				ENABLE_STRICT_OBJC_MSGSEND = YES;
				GCC_C_LANGUAGE_STANDARD = gnu11;
				GCC_NO_COMMON_BLOCKS = YES;
				GCC_WARN_64_TO_32_BIT_CONVERSION = YES;
				GCC_WARN_ABOUT_RETURN_TYPE = YES_ERROR;
				GCC_WARN_UNDECLARED_SELECTOR = YES;
				GCC_WARN_UNINITIALIZED_AUTOS = YES_AGGRESSIVE;
				GCC_WARN_UNUSED_FUNCTION = YES;
				GCC_WARN_UNUSED_VARIABLE = YES;
				IPHONEOS_DEPLOYMENT_TARGET = 15.5;
				MTL_ENABLE_DEBUG_INFO = NO;
				MTL_FAST_MATH = YES;
				SDKROOT = iphoneos;
				SWIFT_COMPILATION_MODE = wholemodule;
				SWIFT_OPTIMIZATION_LEVEL = "-O";
				VALIDATE_PRODUCT = YES;
			};
			name = Release;
		};
		00834594285F67F8007E1554 /* Debug */ = {
			isa = XCBuildConfiguration;
			buildSettings = {
				ASSETCATALOG_COMPILER_APPICON_NAME = AppIcon;
				ASSETCATALOG_COMPILER_GLOBAL_ACCENT_COLOR_NAME = AccentColor;
				CODE_SIGN_STYLE = Automatic;
				CURRENT_PROJECT_VERSION = 1;
				DEVELOPMENT_TEAM = 4CAHN7L9LJ;
				GENERATE_INFOPLIST_FILE = YES;
				INFOPLIST_FILE = DotaHeroVIP/Resource/Info.plist;
				INFOPLIST_KEY_UIApplicationSupportsIndirectInputEvents = YES;
				INFOPLIST_KEY_UILaunchStoryboardName = LaunchScreen;
				INFOPLIST_KEY_UISupportedInterfaceOrientations_iPad = "UIInterfaceOrientationPortrait UIInterfaceOrientationPortraitUpsideDown UIInterfaceOrientationLandscapeLeft UIInterfaceOrientationLandscapeRight";
				INFOPLIST_KEY_UISupportedInterfaceOrientations_iPhone = "UIInterfaceOrientationPortrait UIInterfaceOrientationLandscapeLeft UIInterfaceOrientationLandscapeRight";
				IPHONEOS_DEPLOYMENT_TARGET = 12.0;
				LD_RUNPATH_SEARCH_PATHS = (
					"$(inherited)",
					"@executable_path/Frameworks",
				);
				MARKETING_VERSION = 1.0;
				PRODUCT_BUNDLE_IDENTIFIER = pram.ios.DotaHeroVIP;
				PRODUCT_NAME = "$(TARGET_NAME)";
				SWIFT_EMIT_LOC_STRINGS = YES;
				SWIFT_VERSION = 5.0;
				TARGETED_DEVICE_FAMILY = 1;
			};
			name = Debug;
		};
		00834595285F67F8007E1554 /* Release */ = {
			isa = XCBuildConfiguration;
			buildSettings = {
				ASSETCATALOG_COMPILER_APPICON_NAME = AppIcon;
				ASSETCATALOG_COMPILER_GLOBAL_ACCENT_COLOR_NAME = AccentColor;
				CODE_SIGN_STYLE = Automatic;
				CURRENT_PROJECT_VERSION = 1;
				DEVELOPMENT_TEAM = 4CAHN7L9LJ;
				GENERATE_INFOPLIST_FILE = YES;
				INFOPLIST_FILE = DotaHeroVIP/Resource/Info.plist;
				INFOPLIST_KEY_UIApplicationSupportsIndirectInputEvents = YES;
				INFOPLIST_KEY_UILaunchStoryboardName = LaunchScreen;
				INFOPLIST_KEY_UISupportedInterfaceOrientations_iPad = "UIInterfaceOrientationPortrait UIInterfaceOrientationPortraitUpsideDown UIInterfaceOrientationLandscapeLeft UIInterfaceOrientationLandscapeRight";
				INFOPLIST_KEY_UISupportedInterfaceOrientations_iPhone = "UIInterfaceOrientationPortrait UIInterfaceOrientationLandscapeLeft UIInterfaceOrientationLandscapeRight";
				IPHONEOS_DEPLOYMENT_TARGET = 12.0;
				LD_RUNPATH_SEARCH_PATHS = (
					"$(inherited)",
					"@executable_path/Frameworks",
				);
				MARKETING_VERSION = 1.0;
				PRODUCT_BUNDLE_IDENTIFIER = pram.ios.DotaHeroVIP;
				PRODUCT_NAME = "$(TARGET_NAME)";
				SWIFT_EMIT_LOC_STRINGS = YES;
				SWIFT_VERSION = 5.0;
				TARGETED_DEVICE_FAMILY = 1;
			};
			name = Release;
		};
		008345A5285F693D007E1554 /* Debug */ = {
			isa = XCBuildConfiguration;
			buildSettings = {
				BUNDLE_LOADER = "$(TEST_HOST)";
				CODE_SIGN_STYLE = Automatic;
				CURRENT_PROJECT_VERSION = 1;
				DEVELOPMENT_TEAM = 4CAHN7L9LJ;
				GENERATE_INFOPLIST_FILE = YES;
				MARKETING_VERSION = 1.0;
				PRODUCT_BUNDLE_IDENTIFIER = pram.ios.DotaHeroVIPTests;
				PRODUCT_NAME = "$(TARGET_NAME)";
				SWIFT_EMIT_LOC_STRINGS = NO;
				SWIFT_VERSION = 5.0;
				TARGETED_DEVICE_FAMILY = "1,2";
				TEST_HOST = "$(BUILT_PRODUCTS_DIR)/DotaHeroVIP.app/DotaHeroVIP";
			};
			name = Debug;
		};
		008345A6285F693D007E1554 /* Release */ = {
			isa = XCBuildConfiguration;
			buildSettings = {
				BUNDLE_LOADER = "$(TEST_HOST)";
				CODE_SIGN_STYLE = Automatic;
				CURRENT_PROJECT_VERSION = 1;
				DEVELOPMENT_TEAM = 4CAHN7L9LJ;
				GENERATE_INFOPLIST_FILE = YES;
				MARKETING_VERSION = 1.0;
				PRODUCT_BUNDLE_IDENTIFIER = pram.ios.DotaHeroVIPTests;
				PRODUCT_NAME = "$(TARGET_NAME)";
				SWIFT_EMIT_LOC_STRINGS = NO;
				SWIFT_VERSION = 5.0;
				TARGETED_DEVICE_FAMILY = "1,2";
				TEST_HOST = "$(BUILT_PRODUCTS_DIR)/DotaHeroVIP.app/DotaHeroVIP";
			};
			name = Release;
		};
/* End XCBuildConfiguration section */

/* Begin XCConfigurationList section */
		0083457A285F67F4007E1554 /* Build configuration list for PBXProject "DotaHeroVIP" */ = {
			isa = XCConfigurationList;
			buildConfigurations = (
				00834591285F67F8007E1554 /* Debug */,
				00834592285F67F8007E1554 /* Release */,
			);
			defaultConfigurationIsVisible = 0;
			defaultConfigurationName = Release;
		};
		00834593285F67F8007E1554 /* Build configuration list for PBXNativeTarget "DotaHeroVIP" */ = {
			isa = XCConfigurationList;
			buildConfigurations = (
				00834594285F67F8007E1554 /* Debug */,
				00834595285F67F8007E1554 /* Release */,
			);
			defaultConfigurationIsVisible = 0;
			defaultConfigurationName = Release;
		};
		008345A4285F693D007E1554 /* Build configuration list for PBXNativeTarget "DotaHeroVIPTests" */ = {
			isa = XCConfigurationList;
			buildConfigurations = (
				008345A5285F693D007E1554 /* Debug */,
				008345A6285F693D007E1554 /* Release */,
			);
			defaultConfigurationIsVisible = 0;
			defaultConfigurationName = Release;
		};
/* End XCConfigurationList section */
	};
	rootObject = 00834577285F67F4007E1554 /* Project object */;
}
